// !$*UTF8*$!
{
	archiveVersion = 1;
	classes = {
	};
	objectVersion = 46;
	objects = {

/* Begin PBXBuildFile section */
		1A236C9F1B0FA4CB005B6262 /* Images.xcassets in Resources */ = {isa = PBXBuildFile; fileRef = 1A236C9E1B0FA4CB005B6262 /* Images.xcassets */; };
		1A236CA11B0FB535005B6262 /* AppIcon60x60@2x.png in Resources */ = {isa = PBXBuildFile; fileRef = 1A236CA01B0FB535005B6262 /* AppIcon60x60@2x.png */; };
		1AA44E171B15DD860046C63D /* AudioToolbox.framework in Frameworks */ = {isa = PBXBuildFile; fileRef = 1AA44E161B15DD860046C63D /* AudioToolbox.framework */; };
		1AA44E191B15DD8B0046C63D /* CFNetwork.framework in Frameworks */ = {isa = PBXBuildFile; fileRef = 1AA44E181B15DD8B0046C63D /* CFNetwork.framework */; };
		1AA44E1B1B15DD910046C63D /* CoreLocation.framework in Frameworks */ = {isa = PBXBuildFile; fileRef = 1AA44E1A1B15DD910046C63D /* CoreLocation.framework */; };
		1AA44E1D1B15DD980046C63D /* MobileCoreServices.framework in Frameworks */ = {isa = PBXBuildFile; fileRef = 1AA44E1C1B15DD980046C63D /* MobileCoreServices.framework */; };
		1AA44E1F1B15DDA80046C63D /* QuartzCore.framework in Frameworks */ = {isa = PBXBuildFile; fileRef = 1AA44E1E1B15DDA80046C63D /* QuartzCore.framework */; };
		1AA44E211B15DDAE0046C63D /* Security.framework in Frameworks */ = {isa = PBXBuildFile; fileRef = 1AA44E201B15DDAE0046C63D /* Security.framework */; };
		1AA44E231B15DDB50046C63D /* StoreKit.framework in Frameworks */ = {isa = PBXBuildFile; fileRef = 1AA44E221B15DDB50046C63D /* StoreKit.framework */; };
		1AA44E251B15DDBC0046C63D /* SystemConfiguration.framework in Frameworks */ = {isa = PBXBuildFile; fileRef = 1AA44E241B15DDBC0046C63D /* SystemConfiguration.framework */; };
		1AA44E271B15DDC60046C63D /* libz.dylib in Frameworks */ = {isa = PBXBuildFile; fileRef = 1AA44E261B15DDC60046C63D /* libz.dylib */; };
		1AA44E291B15DDD50046C63D /* libsqlite3.dylib in Frameworks */ = {isa = PBXBuildFile; fileRef = 1AA44E281B15DDD50046C63D /* libsqlite3.dylib */; };
		1AA44E2B1B15DDE40046C63D /* Accounts.framework in Frameworks */ = {isa = PBXBuildFile; fileRef = 1AA44E2A1B15DDE40046C63D /* Accounts.framework */; };
		1AA44E2D1B15DDE90046C63D /* Social.framework in Frameworks */ = {isa = PBXBuildFile; fileRef = 1AA44E2C1B15DDE90046C63D /* Social.framework */; };
		1AA44E2F1B15DE2D0046C63D /* Parse.framework in Frameworks */ = {isa = PBXBuildFile; fileRef = 1AA44E2E1B15DE2D0046C63D /* Parse.framework */; };
		1AA44E311B15DEA20046C63D /* Bolts.framework in Frameworks */ = {isa = PBXBuildFile; fileRef = 1AA44E301B15DEA20046C63D /* Bolts.framework */; };
		1AB30600182C237B000ED7B1 /* Default-568h@2x.png in Resources */ = {isa = PBXBuildFile; fileRef = 1AB305FF182C237B000ED7B1 /* Default-568h@2x.png */; };
		1AF3427C1B31C775004C0A82 /* AdSupport.framework in Frameworks */ = {isa = PBXBuildFile; fileRef = 1AF3427B1B31C775004C0A82 /* AdSupport.framework */; };
		1AF3427E1B31C77F004C0A82 /* AVFoundation.framework in Frameworks */ = {isa = PBXBuildFile; fileRef = 1AF3427D1B31C77F004C0A82 /* AVFoundation.framework */; };
		1AF342801B31C787004C0A82 /* CoreMedia.framework in Frameworks */ = {isa = PBXBuildFile; fileRef = 1AF3427F1B31C787004C0A82 /* CoreMedia.framework */; };
		1AF342821B31C78C004C0A82 /* CoreTelephony.framework in Frameworks */ = {isa = PBXBuildFile; fileRef = 1AF342811B31C78C004C0A82 /* CoreTelephony.framework */; };
		1AF342841B31C792004C0A82 /* EventKit.framework in Frameworks */ = {isa = PBXBuildFile; fileRef = 1AF342831B31C792004C0A82 /* EventKit.framework */; };
		1AF342861B31C797004C0A82 /* EventKitUI.framework in Frameworks */ = {isa = PBXBuildFile; fileRef = 1AF342851B31C797004C0A82 /* EventKitUI.framework */; };
		1AF342881B31C79E004C0A82 /* MessageUI.framework in Frameworks */ = {isa = PBXBuildFile; fileRef = 1AF342871B31C79E004C0A82 /* MessageUI.framework */; };
		1AF3428A1B31CD43004C0A82 /* GoogleMobileAds.framework in Frameworks */ = {isa = PBXBuildFile; fileRef = 1AF342891B31CD43004C0A82 /* GoogleMobileAds.framework */; };
		30BE147813874E890069F164 /* UIKit.framework in Frameworks */ = {isa = PBXBuildFile; fileRef = 30BE147713874E890069F164 /* UIKit.framework */; };
		30BE147A13874E890069F164 /* Foundation.framework in Frameworks */ = {isa = PBXBuildFile; fileRef = 30BE147913874E890069F164 /* Foundation.framework */; };
		30BE147C13874E890069F164 /* CoreGraphics.framework in Frameworks */ = {isa = PBXBuildFile; fileRef = 30BE147B13874E890069F164 /* CoreGraphics.framework */; };
		30BE148213874E890069F164 /* InfoPlist.strings in Resources */ = {isa = PBXBuildFile; fileRef = 30BE148013874E890069F164 /* InfoPlist.strings */; };
		30BE148513874E890069F164 /* main.m in Sources */ = {isa = PBXBuildFile; fileRef = 30BE148413874E890069F164 /* main.m */; };
		30BE148813874E890069F164 /* WebBrowserAppDelegate.m in Sources */ = {isa = PBXBuildFile; fileRef = 30BE148713874E890069F164 /* WebBrowserAppDelegate.m */; };
		30BE148B13874E890069F164 /* MainWindow.xib in Resources */ = {isa = PBXBuildFile; fileRef = 30BE148913874E890069F164 /* MainWindow.xib */; };
		30BE148E13874E890069F164 /* WebBrowserViewController.m in Sources */ = {isa = PBXBuildFile; fileRef = 30BE148D13874E890069F164 /* WebBrowserViewController.m */; };
		30BE149113874E890069F164 /* WebBrowserViewController.xib in Resources */ = {isa = PBXBuildFile; fileRef = 30BE148F13874E890069F164 /* WebBrowserViewController.xib */; };
/* End PBXBuildFile section */

/* Begin PBXFileReference section */
		1A236C9E1B0FA4CB005B6262 /* Images.xcassets */ = {isa = PBXFileReference; lastKnownFileType = folder.assetcatalog; name = Images.xcassets; path = Web2App/Images.xcassets; sourceTree = "<group>"; };
		1A236CA01B0FB535005B6262 /* AppIcon60x60@2x.png */ = {isa = PBXFileReference; lastKnownFileType = image.png; path = "AppIcon60x60@2x.png"; sourceTree = "<group>"; };
		1AA44E161B15DD860046C63D /* AudioToolbox.framework */ = {isa = PBXFileReference; lastKnownFileType = wrapper.framework; name = AudioToolbox.framework; path = System/Library/Frameworks/AudioToolbox.framework; sourceTree = SDKROOT; };
		1AA44E181B15DD8B0046C63D /* CFNetwork.framework */ = {isa = PBXFileReference; lastKnownFileType = wrapper.framework; name = CFNetwork.framework; path = System/Library/Frameworks/CFNetwork.framework; sourceTree = SDKROOT; };
		1AA44E1A1B15DD910046C63D /* CoreLocation.framework */ = {isa = PBXFileReference; lastKnownFileType = wrapper.framework; name = CoreLocation.framework; path = System/Library/Frameworks/CoreLocation.framework; sourceTree = SDKROOT; };
		1AA44E1C1B15DD980046C63D /* MobileCoreServices.framework */ = {isa = PBXFileReference; lastKnownFileType = wrapper.framework; name = MobileCoreServices.framework; path = System/Library/Frameworks/MobileCoreServices.framework; sourceTree = SDKROOT; };
		1AA44E1E1B15DDA80046C63D /* QuartzCore.framework */ = {isa = PBXFileReference; lastKnownFileType = wrapper.framework; name = QuartzCore.framework; path = System/Library/Frameworks/QuartzCore.framework; sourceTree = SDKROOT; };
		1AA44E201B15DDAE0046C63D /* Security.framework */ = {isa = PBXFileReference; lastKnownFileType = wrapper.framework; name = Security.framework; path = System/Library/Frameworks/Security.framework; sourceTree = SDKROOT; };
		1AA44E221B15DDB50046C63D /* StoreKit.framework */ = {isa = PBXFileReference; lastKnownFileType = wrapper.framework; name = StoreKit.framework; path = System/Library/Frameworks/StoreKit.framework; sourceTree = SDKROOT; };
		1AA44E241B15DDBC0046C63D /* SystemConfiguration.framework */ = {isa = PBXFileReference; lastKnownFileType = wrapper.framework; name = SystemConfiguration.framework; path = System/Library/Frameworks/SystemConfiguration.framework; sourceTree = SDKROOT; };
		1AA44E261B15DDC60046C63D /* libz.dylib */ = {isa = PBXFileReference; lastKnownFileType = "compiled.mach-o.dylib"; name = libz.dylib; path = usr/lib/libz.dylib; sourceTree = SDKROOT; };
		1AA44E281B15DDD50046C63D /* libsqlite3.dylib */ = {isa = PBXFileReference; lastKnownFileType = "compiled.mach-o.dylib"; name = libsqlite3.dylib; path = usr/lib/libsqlite3.dylib; sourceTree = SDKROOT; };
		1AA44E2A1B15DDE40046C63D /* Accounts.framework */ = {isa = PBXFileReference; lastKnownFileType = wrapper.framework; name = Accounts.framework; path = System/Library/Frameworks/Accounts.framework; sourceTree = SDKROOT; };
		1AA44E2C1B15DDE90046C63D /* Social.framework */ = {isa = PBXFileReference; lastKnownFileType = wrapper.framework; name = Social.framework; path = System/Library/Frameworks/Social.framework; sourceTree = SDKROOT; };
		1AA44E2E1B15DE2D0046C63D /* Parse.framework */ = {isa = PBXFileReference; lastKnownFileType = wrapper.framework; path = Parse.framework; sourceTree = "<group>"; };
		1AA44E301B15DEA20046C63D /* Bolts.framework */ = {isa = PBXFileReference; lastKnownFileType = wrapper.framework; path = Bolts.framework; sourceTree = "<group>"; };
		1AB305FF182C237B000ED7B1 /* Default-568h@2x.png */ = {isa = PBXFileReference; lastKnownFileType = image.png; path = "Default-568h@2x.png"; sourceTree = "<group>"; };
		1AF3427B1B31C775004C0A82 /* AdSupport.framework */ = {isa = PBXFileReference; lastKnownFileType = wrapper.framework; name = AdSupport.framework; path = System/Library/Frameworks/AdSupport.framework; sourceTree = SDKROOT; };
		1AF3427D1B31C77F004C0A82 /* AVFoundation.framework */ = {isa = PBXFileReference; lastKnownFileType = wrapper.framework; name = AVFoundation.framework; path = System/Library/Frameworks/AVFoundation.framework; sourceTree = SDKROOT; };
		1AF3427F1B31C787004C0A82 /* CoreMedia.framework */ = {isa = PBXFileReference; lastKnownFileType = wrapper.framework; name = CoreMedia.framework; path = System/Library/Frameworks/CoreMedia.framework; sourceTree = SDKROOT; };
		1AF342811B31C78C004C0A82 /* CoreTelephony.framework */ = {isa = PBXFileReference; lastKnownFileType = wrapper.framework; name = CoreTelephony.framework; path = System/Library/Frameworks/CoreTelephony.framework; sourceTree = SDKROOT; };
		1AF342831B31C792004C0A82 /* EventKit.framework */ = {isa = PBXFileReference; lastKnownFileType = wrapper.framework; name = EventKit.framework; path = System/Library/Frameworks/EventKit.framework; sourceTree = SDKROOT; };
		1AF342851B31C797004C0A82 /* EventKitUI.framework */ = {isa = PBXFileReference; lastKnownFileType = wrapper.framework; name = EventKitUI.framework; path = System/Library/Frameworks/EventKitUI.framework; sourceTree = SDKROOT; };
		1AF342871B31C79E004C0A82 /* MessageUI.framework */ = {isa = PBXFileReference; lastKnownFileType = wrapper.framework; name = MessageUI.framework; path = System/Library/Frameworks/MessageUI.framework; sourceTree = SDKROOT; };
		1AF342891B31CD43004C0A82 /* GoogleMobileAds.framework */ = {isa = PBXFileReference; lastKnownFileType = wrapper.framework; path = GoogleMobileAds.framework; sourceTree = "<group>"; };
		30BE147313874E890069F164 /* Web2App.app */ = {isa = PBXFileReference; explicitFileType = wrapper.application; includeInIndex = 0; path = Web2App.app; sourceTree = BUILT_PRODUCTS_DIR; };
		30BE147713874E890069F164 /* UIKit.framework */ = {isa = PBXFileReference; lastKnownFileType = wrapper.framework; name = UIKit.framework; path = System/Library/Frameworks/UIKit.framework; sourceTree = SDKROOT; };
		30BE147913874E890069F164 /* Foundation.framework */ = {isa = PBXFileReference; lastKnownFileType = wrapper.framework; name = Foundation.framework; path = System/Library/Frameworks/Foundation.framework; sourceTree = SDKROOT; };
		30BE147B13874E890069F164 /* CoreGraphics.framework */ = {isa = PBXFileReference; lastKnownFileType = wrapper.framework; name = CoreGraphics.framework; path = System/Library/Frameworks/CoreGraphics.framework; sourceTree = SDKROOT; };
		30BE147F13874E890069F164 /* Web2App-Info.plist */ = {isa = PBXFileReference; lastKnownFileType = text.plist.xml; path = "Web2App-Info.plist"; sourceTree = "<group>"; };
		30BE148113874E890069F164 /* en */ = {isa = PBXFileReference; lastKnownFileType = text.plist.strings; name = en; path = en.lproj/InfoPlist.strings; sourceTree = "<group>"; };
		30BE148313874E890069F164 /* Web2App-Prefix.pch */ = {isa = PBXFileReference; lastKnownFileType = sourcecode.c.h; path = "Web2App-Prefix.pch"; sourceTree = "<group>"; };
		30BE148413874E890069F164 /* main.m */ = {isa = PBXFileReference; lastKnownFileType = sourcecode.c.objc; path = main.m; sourceTree = "<group>"; };
		30BE148613874E890069F164 /* WebBrowserAppDelegate.h */ = {isa = PBXFileReference; lastKnownFileType = sourcecode.c.h; path = WebBrowserAppDelegate.h; sourceTree = "<group>"; };
		30BE148713874E890069F164 /* WebBrowserAppDelegate.m */ = {isa = PBXFileReference; lastKnownFileType = sourcecode.c.objc; path = WebBrowserAppDelegate.m; sourceTree = "<group>"; };
		30BE148A13874E890069F164 /* en */ = {isa = PBXFileReference; lastKnownFileType = file.xib; name = en; path = en.lproj/MainWindow.xib; sourceTree = "<group>"; };
		30BE148C13874E890069F164 /* WebBrowserViewController.h */ = {isa = PBXFileReference; lastKnownFileType = sourcecode.c.h; path = WebBrowserViewController.h; sourceTree = "<group>"; };
		30BE148D13874E890069F164 /* WebBrowserViewController.m */ = {isa = PBXFileReference; lastKnownFileType = sourcecode.c.objc; path = WebBrowserViewController.m; sourceTree = "<group>"; };
		30BE149013874E890069F164 /* en */ = {isa = PBXFileReference; lastKnownFileType = file.xib; name = en; path = en.lproj/WebBrowserViewController.xib; sourceTree = "<group>"; };
/* End PBXFileReference section */

/* Begin PBXFrameworksBuildPhase section */
		30BE147013874E890069F164 /* Frameworks */ = {
			isa = PBXFrameworksBuildPhase;
			buildActionMask = 2147483647;
			files = (
				1AA44E251B15DDBC0046C63D /* SystemConfiguration.framework in Frameworks */,
				1AA44E231B15DDB50046C63D /* StoreKit.framework in Frameworks */,
				1AF342881B31C79E004C0A82 /* MessageUI.framework in Frameworks */,
				1AF342861B31C797004C0A82 /* EventKitUI.framework in Frameworks */,
				1AF342841B31C792004C0A82 /* EventKit.framework in Frameworks */,
				1AF342821B31C78C004C0A82 /* CoreTelephony.framework in Frameworks */,
				1AF342801B31C787004C0A82 /* CoreMedia.framework in Frameworks */,
				1AF3427E1B31C77F004C0A82 /* AVFoundation.framework in Frameworks */,
				1AA44E171B15DD860046C63D /* AudioToolbox.framework in Frameworks */,
				1AF3427C1B31C775004C0A82 /* AdSupport.framework in Frameworks */,
				1AA44E2D1B15DDE90046C63D /* Social.framework in Frameworks */,
				1AA44E2B1B15DDE40046C63D /* Accounts.framework in Frameworks */,
				1AA44E291B15DDD50046C63D /* libsqlite3.dylib in Frameworks */,
				1AA44E271B15DDC60046C63D /* libz.dylib in Frameworks */,
				1AA44E2F1B15DE2D0046C63D /* Parse.framework in Frameworks */,
				1AA44E211B15DDAE0046C63D /* Security.framework in Frameworks */,
				1AA44E1F1B15DDA80046C63D /* QuartzCore.framework in Frameworks */,
				1AA44E1D1B15DD980046C63D /* MobileCoreServices.framework in Frameworks */,
				1AA44E1B1B15DD910046C63D /* CoreLocation.framework in Frameworks */,
				1AA44E191B15DD8B0046C63D /* CFNetwork.framework in Frameworks */,
				1AA44E311B15DEA20046C63D /* Bolts.framework in Frameworks */,
				30BE147813874E890069F164 /* UIKit.framework in Frameworks */,
				1AF3428A1B31CD43004C0A82 /* GoogleMobileAds.framework in Frameworks */,
				30BE147A13874E890069F164 /* Foundation.framework in Frameworks */,
				30BE147C13874E890069F164 /* CoreGraphics.framework in Frameworks */,
			);
			runOnlyForDeploymentPostprocessing = 0;
		};
/* End PBXFrameworksBuildPhase section */

/* Begin PBXGroup section */
		30BE146813874E890069F164 = {
			isa = PBXGroup;
			children = (
				1A236C9E1B0FA4CB005B6262 /* Images.xcassets */,
				1A236CA01B0FB535005B6262 /* AppIcon60x60@2x.png */,
				1AB305FF182C237B000ED7B1 /* Default-568h@2x.png */,
				30BE147D13874E890069F164 /* WebBrowser */,
				30BE147613874E890069F164 /* Frameworks */,
				30BE147413874E890069F164 /* Products */,
			);
			sourceTree = "<group>";
		};
		30BE147413874E890069F164 /* Products */ = {
			isa = PBXGroup;
			children = (
				30BE147313874E890069F164 /* Web2App.app */,
			);
			name = Products;
			sourceTree = "<group>";
		};
		30BE147613874E890069F164 /* Frameworks */ = {
			isa = PBXGroup;
			children = (
				1AF342891B31CD43004C0A82 /* GoogleMobileAds.framework */,
				1AF342871B31C79E004C0A82 /* MessageUI.framework */,
				1AF342851B31C797004C0A82 /* EventKitUI.framework */,
				1AF342831B31C792004C0A82 /* EventKit.framework */,
				1AF342811B31C78C004C0A82 /* CoreTelephony.framework */,
				1AF3427F1B31C787004C0A82 /* CoreMedia.framework */,
				1AF3427D1B31C77F004C0A82 /* AVFoundation.framework */,
				1AF3427B1B31C775004C0A82 /* AdSupport.framework */,
				1AA44E2E1B15DE2D0046C63D /* Parse.framework */,
				1AA44E2C1B15DDE90046C63D /* Social.framework */,
				1AA44E2A1B15DDE40046C63D /* Accounts.framework */,
				1AA44E281B15DDD50046C63D /* libsqlite3.dylib */,
				1AA44E301B15DEA20046C63D /* Bolts.framework */,
				1AA44E261B15DDC60046C63D /* libz.dylib */,
				1AA44E241B15DDBC0046C63D /* SystemConfiguration.framework */,
				1AA44E221B15DDB50046C63D /* StoreKit.framework */,
				1AA44E201B15DDAE0046C63D /* Security.framework */,
				1AA44E1E1B15DDA80046C63D /* QuartzCore.framework */,
				1AA44E1C1B15DD980046C63D /* MobileCoreServices.framework */,
				1AA44E1A1B15DD910046C63D /* CoreLocation.framework */,
				1AA44E181B15DD8B0046C63D /* CFNetwork.framework */,
				1AA44E161B15DD860046C63D /* AudioToolbox.framework */,
				30BE147713874E890069F164 /* UIKit.framework */,
				30BE147913874E890069F164 /* Foundation.framework */,
				30BE147B13874E890069F164 /* CoreGraphics.framework */,
			);
			name = Frameworks;
			sourceTree = "<group>";
		};
		30BE147D13874E890069F164 /* WebBrowser */ = {
			isa = PBXGroup;
			children = (
				30BE148613874E890069F164 /* WebBrowserAppDelegate.h */,
				30BE148713874E890069F164 /* WebBrowserAppDelegate.m */,
				30BE148913874E890069F164 /* MainWindow.xib */,
				30BE148C13874E890069F164 /* WebBrowserViewController.h */,
				30BE148D13874E890069F164 /* WebBrowserViewController.m */,
				30BE148F13874E890069F164 /* WebBrowserViewController.xib */,
				30BE147E13874E890069F164 /* Supporting Files */,
			);
			path = WebBrowser;
			sourceTree = "<group>";
		};
		30BE147E13874E890069F164 /* Supporting Files */ = {
			isa = PBXGroup;
			children = (
				30BE147F13874E890069F164 /* Web2App-Info.plist */,
				30BE148013874E890069F164 /* InfoPlist.strings */,
				30BE148313874E890069F164 /* Web2App-Prefix.pch */,
				30BE148413874E890069F164 /* main.m */,
			);
			name = "Supporting Files";
			sourceTree = "<group>";
		};
/* End PBXGroup section */

/* Begin PBXNativeTarget section */
		30BE147213874E890069F164 /* Tempo News */ = {
			isa = PBXNativeTarget;
			buildConfigurationList = 30BE14AA13874E890069F164 /* Build configuration list for PBXNativeTarget "Tempo News" */;
			buildPhases = (
				30BE146F13874E890069F164 /* Sources */,
				30BE147013874E890069F164 /* Frameworks */,
				30BE147113874E890069F164 /* Resources */,
			);
			buildRules = (
			);
			dependencies = (
			);
			name = "Tempo News";
			productName = WebBrowser;
			productReference = 30BE147313874E890069F164 /* Web2App.app */;
			productType = "com.apple.product-type.application";
		};
/* End PBXNativeTarget section */

/* Begin PBXProject section */
		30BE146A13874E890069F164 /* Project object */ = {
			isa = PBXProject;
			attributes = {
				LastUpgradeCheck = 0630;
				ORGANIZATIONNAME = HUT;
				TargetAttributes = {
					30BE147213874E890069F164 = {
						DevelopmentTeam = JTX3K26QVJ;
					};
				};
			};
			buildConfigurationList = 30BE146D13874E890069F164 /* Build configuration list for PBXProject "Web2App" */;
			compatibilityVersion = "Xcode 3.2";
			developmentRegion = English;
			hasScannedForEncodings = 0;
			knownRegions = (
				en,
			);
			mainGroup = 30BE146813874E890069F164;
			productRefGroup = 30BE147413874E890069F164 /* Products */;
			projectDirPath = "";
			projectRoot = "";
			targets = (
				30BE147213874E890069F164 /* Tempo News */,
			);
		};
/* End PBXProject section */

/* Begin PBXResourcesBuildPhase section */
		30BE147113874E890069F164 /* Resources */ = {
			isa = PBXResourcesBuildPhase;
			buildActionMask = 2147483647;
			files = (
				30BE148213874E890069F164 /* InfoPlist.strings in Resources */,
				1AB30600182C237B000ED7B1 /* Default-568h@2x.png in Resources */,
				1A236C9F1B0FA4CB005B6262 /* Images.xcassets in Resources */,
				30BE148B13874E890069F164 /* MainWindow.xib in Resources */,
				1A236CA11B0FB535005B6262 /* AppIcon60x60@2x.png in Resources */,
				30BE149113874E890069F164 /* WebBrowserViewController.xib in Resources */,
			);
			runOnlyForDeploymentPostprocessing = 0;
		};
/* End PBXResourcesBuildPhase section */

/* Begin PBXSourcesBuildPhase section */
		30BE146F13874E890069F164 /* Sources */ = {
			isa = PBXSourcesBuildPhase;
			buildActionMask = 2147483647;
			files = (
				30BE148513874E890069F164 /* main.m in Sources */,
				30BE148813874E890069F164 /* WebBrowserAppDelegate.m in Sources */,
				30BE148E13874E890069F164 /* WebBrowserViewController.m in Sources */,
			);
			runOnlyForDeploymentPostprocessing = 0;
		};
/* End PBXSourcesBuildPhase section */

/* Begin PBXVariantGroup section */
		30BE148013874E890069F164 /* InfoPlist.strings */ = {
			isa = PBXVariantGroup;
			children = (
				30BE148113874E890069F164 /* en */,
			);
			name = InfoPlist.strings;
			sourceTree = "<group>";
		};
		30BE148913874E890069F164 /* MainWindow.xib */ = {
			isa = PBXVariantGroup;
			children = (
				30BE148A13874E890069F164 /* en */,
			);
			name = MainWindow.xib;
			sourceTree = "<group>";
		};
		30BE148F13874E890069F164 /* WebBrowserViewController.xib */ = {
			isa = PBXVariantGroup;
			children = (
				30BE149013874E890069F164 /* en */,
			);
			name = WebBrowserViewController.xib;
			sourceTree = "<group>";
		};
/* End PBXVariantGroup section */

/* Begin XCBuildConfiguration section */
		30BE14A813874E890069F164 /* Debug */ = {
			isa = XCBuildConfiguration;
			buildSettings = {
				CODE_SIGN_IDENTITY = "iPhone Distribution: techplus jsc (JTX3K26QVJ)";
				"CODE_SIGN_IDENTITY[sdk=iphoneos*]" = "iPhone Distribution: techplus jsc (JTX3K26QVJ)";
				GCC_C_LANGUAGE_STANDARD = gnu99;
				GCC_OPTIMIZATION_LEVEL = 0;
				GCC_PREPROCESSOR_DEFINITIONS = DEBUG;
				GCC_SYMBOLS_PRIVATE_EXTERN = NO;
				GCC_VERSION = com.apple.compilers.llvmgcc42;
				GCC_WARN_ABOUT_RETURN_TYPE = YES;
				GCC_WARN_UNUSED_VARIABLE = YES;
				IPHONEOS_DEPLOYMENT_TARGET = 4.3;
				ONLY_ACTIVE_ARCH = YES;
				SDKROOT = iphoneos;
			};
			name = Debug;
		};
		30BE14A913874E890069F164 /* Release */ = {
			isa = XCBuildConfiguration;
			buildSettings = {
				CODE_SIGN_IDENTITY = "iPhone Distribution: techplus jsc (JTX3K26QVJ)";
				"CODE_SIGN_IDENTITY[sdk=iphoneos*]" = "iPhone Distribution: techplus jsc (JTX3K26QVJ)";
				GCC_C_LANGUAGE_STANDARD = gnu99;
				GCC_VERSION = com.apple.compilers.llvmgcc42;
				GCC_WARN_ABOUT_RETURN_TYPE = YES;
				GCC_WARN_UNUSED_VARIABLE = YES;
				IPHONEOS_DEPLOYMENT_TARGET = 4.3;
				OTHER_CFLAGS = "-DNS_BLOCK_ASSERTIONS=1";
				SDKROOT = iphoneos;
			};
			name = Release;
		};
		30BE14AB13874E890069F164 /* Debug */ = {
			isa = XCBuildConfiguration;
			buildSettings = {
				ALWAYS_SEARCH_USER_PATHS = NO;
				ASSETCATALOG_COMPILER_APPICON_NAME = AppIcon;
				ASSETCATALOG_COMPILER_LAUNCHIMAGE_NAME = LaunchImage;
				CLANG_ENABLE_MODULES = NO;
				CODE_SIGN_IDENTITY = "iPhone Developer";
				COPY_PHASE_STRIP = NO;
				FRAMEWORK_SEARCH_PATHS = (
					"$(inherited)",
					"$(PROJECT_DIR)",
				);
				GCC_DYNAMIC_NO_PIC = NO;
				GCC_PRECOMPILE_PREFIX_HEADER = YES;
				GCC_PREFIX_HEADER = "WebBrowser/Web2App-Prefix.pch";
				GCC_VERSION = "";
				INFOPLIST_FILE = "$(SRCROOT)/WebBrowser/Web2App-Info.plist";
				IPHONEOS_DEPLOYMENT_TARGET = 6.1;
				LIBRARY_SEARCH_PATHS = "$(inherited)";
				OTHER_LDFLAGS = "-ObjC";
				PRODUCT_MODULE_NAME = "$(PRODUCT_NAME)";
				PRODUCT_NAME = Web2App;
				TARGETED_DEVICE_FAMILY = "1,2";
				WRAPPER_EXTENSION = app;
			};
			name = Debug;
		};
		30BE14AC13874E890069F164 /* Release */ = {
			isa = XCBuildConfiguration;
			buildSettings = {
				ALWAYS_SEARCH_USER_PATHS = NO;
				ASSETCATALOG_COMPILER_APPICON_NAME = AppIcon;
				ASSETCATALOG_COMPILER_LAUNCHIMAGE_NAME = LaunchImage;
				CLANG_ENABLE_MODULES = NO;
				CODE_SIGN_IDENTITY = "iPhone Developer";
				COPY_PHASE_STRIP = YES;
				FRAMEWORK_SEARCH_PATHS = (
					"$(inherited)",
					"$(PROJECT_DIR)",
				);
				GCC_PRECOMPILE_PREFIX_HEADER = YES;
				GCC_PREFIX_HEADER = "WebBrowser/Web2App-Prefix.pch";
				GCC_VERSION = "";
				INFOPLIST_FILE = "$(SRCROOT)/WebBrowser/Web2App-Info.plist";
				IPHONEOS_DEPLOYMENT_TARGET = 6.1;
				LIBRARY_SEARCH_PATHS = "$(inherited)";
				OTHER_LDFLAGS = "-ObjC";
				PRODUCT_MODULE_NAME = "$(PRODUCT_NAME)";
				PRODUCT_NAME = Web2App;
				TARGETED_DEVICE_FAMILY = "1,2";
				VALIDATE_PRODUCT = YES;
				WRAPPER_EXTENSION = app;
			};
			name = Release;
		};
/* End XCBuildConfiguration section */

/* Begin XCConfigurationList section */
		30BE146D13874E890069F164 /* Build configuration list for PBXProject "Web2App" */ = {
			isa = XCConfigurationList;
			buildConfigurations = (
				30BE14A813874E890069F164 /* Debug */,
				30BE14A913874E890069F164 /* Release */,
			);
			defaultConfigurationIsVisible = 0;
			defaultConfigurationName = Release;
		};
		30BE14AA13874E890069F164 /* Build configuration list for PBXNativeTarget "Tempo News" */ = {
			isa = XCConfigurationList;
			buildConfigurations = (
				30BE14AB13874E890069F164 /* Debug */,
				30BE14AC13874E890069F164 /* Release */,
			);
			defaultConfigurationIsVisible = 0;
			defaultConfigurationName = Release;
		};
/* End XCConfigurationList section */
	};
	rootObject = 30BE146A13874E890069F164 /* Project object */;
}
